{
    "_readme": [
        "This file locks the dependencies of your project to a known state",
        "Read more about it at https://getcomposer.org/doc/01-basic-usage.md#installing-dependencies",
        "This file is @generated automatically"
    ],
    "content-hash": "4934216e3d9aa8fe627cd701f8635702",
    "packages": [
        {
            "name": "hybridauth/hybridauth",
            "version": "dev-master",
            "source": {
                "type": "git",
                "url": "https://github.com/hybridauth/hybridauth.git",
                "reference": "525abdfb3044da3d4375d4fafe0e4abec3e7157b"
            },
            "dist": {
                "type": "zip",
                "url": "https://api.github.com/repos/hybridauth/hybridauth/zipball/525abdfb3044da3d4375d4fafe0e4abec3e7157b",
                "reference": "525abdfb3044da3d4375d4fafe0e4abec3e7157b",
                "shasum": ""
            },
            "require": {
                "php": ">=5.4.0"
            },
            "require-dev": {
                "ext-curl": "*",
                "phpunit/phpunit": "~4.8.35"
            },
            "type": "library",
            "extra": {
                "branch-alias": {
                    "dev-master": "3.0-dev"
                }
            },
            "autoload": {
                "psr-4": {
                    "Hybridauth\\": "src/"
                }
            },
            "notification-url": "https://packagist.org/downloads/",
            "license": [
                "MIT"
            ],
            "authors": [
                {
                    "name": "Miled",
                    "email": "hybridauth@gmail.com"
                }
            ],
            "description": "PHP Social Authentication Library",
            "homepage": "https://hybridauth.github.io",
            "keywords": [
                "Authentication",
                "OpenId",
                "api",
                "authorization",
                "facebook",
                "google",
                "oauth",
                "social",
                "twitter"
            ],
            "time": "2019-06-25T12:46:11+00:00"
        }
    ],
    "packages-dev": [],
    "aliases": [],
    "minimum-stability": "dev",
    "stability-flags": [],
    "prefer-stable": false,
    "prefer-lowest": false,
    "platform": [],
    "platform-dev": []
}
